
Microsoft Visual Studio Solution File, Format Version 12.00
# Visual Studio 14
VisualStudioVersion = 14.0.25420.1
MinimumVisualStudioVersion = 10.0.40219.1
Project("{FAE04EC0-301F-11D3-BF4B-00C04F79EFBC}") = "Emall.Framework", "Emall.Framework\Emall.Framework.csproj", "{41957919-CF53-4C32-9B05-2237C50E5F59}"
EndProject
Project("{FAE04EC0-301F-11D3-BF4B-00C04F79EFBC}") = "Emall.Core", "Emall.Core\Emall.Core.csproj", "{F308B674-16FC-45DA-9FC6-AF3A342563C3}"
EndProject
Project("{FAE04EC0-301F-11D3-BF4B-00C04F79EFBC}") = "Emall.Web", "Emall.Web\Emall.Web.csproj", "{B14ED1FE-FE42-421E-9AA8-67B7D7763084}"
EndProject
Project("{FAE04EC0-301F-11D3-BF4B-00C04F79EFBC}") = "Emall.Model", "Emall.Model\Emall.Model.csproj", "{791852C0-7F1F-4E3F-BBCB-DADDE6590934}"
EndProject
Project("{FAE04EC0-301F-11D3-BF4B-00C04F79EFBC}") = "Emall.IServices", "Emall.IServices\Emall.IServices.csproj", "{BDF3F4F1-5D09-46AB-A68B-52FCC811CFF6}"
EndProject
Project("{FAE04EC0-301F-11D3-BF4B-00C04F79EFBC}") = "Emall.Services", "Emall.Services\Emall.Services.csproj", "{30ECFA3D-6991-416C-8198-7CA8EF1C6022}"
EndProject
Project("{2150E333-8FDC-42A3-9474-1A3956D46DE8}") = "Data", "Data", "{29841814-FCFA-4187-8D50-0BF2D9158884}"
EndProject
Project("{2150E333-8FDC-42A3-9474-1A3956D46DE8}") = "Web", "Web", "{8743CDAB-ED71-4EBD-B762-71B1F2BC7678}"
EndProject
Project("{2150E333-8FDC-42A3-9474-1A3956D46DE8}") = "Service", "Service", "{2A92A392-A5AF-4A54-B977-15AD7E72F0BF}"
EndProject
Global
	GlobalSection(SolutionConfigurationPlatforms) = preSolution
		Debug|Any CPU = Debug|Any CPU
		Release|Any CPU = Release|Any CPU
	EndGlobalSection
	GlobalSection(ProjectConfigurationPlatforms) = postSolution
		{41957919-CF53-4C32-9B05-2237C50E5F59}.Debug|Any CPU.ActiveCfg = Debug|Any CPU
		{41957919-CF53-4C32-9B05-2237C50E5F59}.Debug|Any CPU.Build.0 = Debug|Any CPU
		{41957919-CF53-4C32-9B05-2237C50E5F59}.Release|Any CPU.ActiveCfg = Release|Any CPU
		{41957919-CF53-4C32-9B05-2237C50E5F59}.Release|Any CPU.Build.0 = Release|Any CPU
		{F308B674-16FC-45DA-9FC6-AF3A342563C3}.Debug|Any CPU.ActiveCfg = Debug|Any CPU
		{F308B674-16FC-45DA-9FC6-AF3A342563C3}.Debug|Any CPU.Build.0 = Debug|Any CPU
		{F308B674-16FC-45DA-9FC6-AF3A342563C3}.Release|Any CPU.ActiveCfg = Release|Any CPU
		{F308B674-16FC-45DA-9FC6-AF3A342563C3}.Release|Any CPU.Build.0 = Release|Any CPU
		{B14ED1FE-FE42-421E-9AA8-67B7D7763084}.Debug|Any CPU.ActiveCfg = Debug|Any CPU
		{B14ED1FE-FE42-421E-9AA8-67B7D7763084}.Debug|Any CPU.Build.0 = Debug|Any CPU
		{B14ED1FE-FE42-421E-9AA8-67B7D7763084}.Release|Any CPU.ActiveCfg = Release|Any CPU
		{B14ED1FE-FE42-421E-9AA8-67B7D7763084}.Release|Any CPU.Build.0 = Release|Any CPU
		{791852C0-7F1F-4E3F-BBCB-DADDE6590934}.Debug|Any CPU.ActiveCfg = Debug|Any CPU
		{791852C0-7F1F-4E3F-BBCB-DADDE6590934}.Debug|Any CPU.Build.0 = Debug|Any CPU
		{791852C0-7F1F-4E3F-BBCB-DADDE6590934}.Release|Any CPU.ActiveCfg = Release|Any CPU
		{791852C0-7F1F-4E3F-BBCB-DADDE6590934}.Release|Any CPU.Build.0 = Release|Any CPU
		{BDF3F4F1-5D09-46AB-A68B-52FCC811CFF6}.Debug|Any CPU.ActiveCfg = Debug|Any CPU
		{BDF3F4F1-5D09-46AB-A68B-52FCC811CFF6}.Debug|Any CPU.Build.0 = Debug|Any CPU
		{BDF3F4F1-5D09-46AB-A68B-52FCC811CFF6}.Release|Any CPU.ActiveCfg = Release|Any CPU
		{BDF3F4F1-5D09-46AB-A68B-52FCC811CFF6}.Release|Any CPU.Build.0 = Release|Any CPU
		{30ECFA3D-6991-416C-8198-7CA8EF1C6022}.Debug|Any CPU.ActiveCfg = Debug|Any CPU
		{30ECFA3D-6991-416C-8198-7CA8EF1C6022}.Debug|Any CPU.Build.0 = Debug|Any CPU
		{30ECFA3D-6991-416C-8198-7CA8EF1C6022}.Release|Any CPU.ActiveCfg = Release|Any CPU
		{30ECFA3D-6991-416C-8198-7CA8EF1C6022}.Release|Any CPU.Build.0 = Release|Any CPU
	EndGlobalSection
	GlobalSection(SolutionProperties) = preSolution
		HideSolutionNode = FALSE
	EndGlobalSection
	GlobalSection(NestedProjects) = preSolution
		{41957919-CF53-4C32-9B05-2237C50E5F59} = {8743CDAB-ED71-4EBD-B762-71B1F2BC7678}
		{F308B674-16FC-45DA-9FC6-AF3A342563C3} = {29841814-FCFA-4187-8D50-0BF2D9158884}
		{B14ED1FE-FE42-421E-9AA8-67B7D7763084} = {8743CDAB-ED71-4EBD-B762-71B1F2BC7678}
		{791852C0-7F1F-4E3F-BBCB-DADDE6590934} = {29841814-FCFA-4187-8D50-0BF2D9158884}
		{BDF3F4F1-5D09-46AB-A68B-52FCC811CFF6} = {2A92A392-A5AF-4A54-B977-15AD7E72F0BF}
		{30ECFA3D-6991-416C-8198-7CA8EF1C6022} = {2A92A392-A5AF-4A54-B977-15AD7E72F0BF}
	EndGlobalSection
EndGlobal
